
Microsoft Visual Studio Solution File, Format Version 12.00
# Visual Studio Version 17
VisualStudioVersion = 17.14.36511.14 d17.14
MinimumVisualStudioVersion = 10.0.40219.1
Project("{FAE04EC0-301F-11D3-BF4B-00C04F79EFBC}") = "day6", "day6\day6.csproj", "{6A5AA16E-3311-47E5-A5EA-9AD1E9834D1C}"
EndProject
Global
	GlobalSection(SolutionConfigurationPlatforms) = preSolution
		Debug|Any CPU = Debug|Any CPU
		Release|Any CPU = Release|Any CPU
	EndGlobalSection
	GlobalSection(ProjectConfigurationPlatforms) = postSolution
		{6A5AA16E-3311-47E5-A5EA-9AD1E9834D1C}.Debug|Any CPU.ActiveCfg = Debug|Any CPU
		{6A5AA16E-3311-47E5-A5EA-9AD1E9834D1C}.Debug|Any CPU.Build.0 = Debug|Any CPU
		{6A5AA16E-3311-47E5-A5EA-9AD1E9834D1C}.Release|Any CPU.ActiveCfg = Release|Any CPU
		{6A5AA16E-3311-47E5-A5EA-9AD1E9834D1C}.Release|Any CPU.Build.0 = Release|Any CPU
	EndGlobalSection
	GlobalSection(SolutionProperties) = preSolution
		HideSolutionNode = FALSE
	EndGlobalSection
	GlobalSection(ExtensibilityGlobals) = postSolution
		SolutionGuid = {F08972D6-FA5D-47AE-861D-E11009FED375}
	EndGlobalSection
EndGlobal
